
Microsoft Visual Studio Solution File, Format Version 12.00
# Visual Studio Version 17
VisualStudioVersion = 17.14.36109.1
MinimumVisualStudioVersion = 10.0.40219.1
Project("{FAE04EC0-301F-11D3-BF4B-00C04F79EFBC}") = "Colors", "Colors\Colors.csproj", "{63499B42-5A11-4879-9ECC-46DC37EA0047}"
EndProject
Project("{FAE04EC0-301F-11D3-BF4B-00C04F79EFBC}") = "Colors.AI", "Colors.AI\Colors.AI.csproj", "{FF8859A0-CCAD-453D-A96F-FEE0F857E69B}"
EndProject
Project("{FAE04EC0-301F-11D3-BF4B-00C04F79EFBC}") = "Colors.Assistant.Plugin", "Colors.Assistant.Plugin\Colors.Assistant.Plugin.csproj", "{B801AE6F-0479-447C-949C-5633899F2EFE}"
EndProject
Global
	GlobalSection(SolutionConfigurationPlatforms) = preSolution
		Debug|Any CPU = Debug|Any CPU
		Release|Any CPU = Release|Any CPU
	EndGlobalSection
	GlobalSection(ProjectConfigurationPlatforms) = postSolution
		{63499B42-5A11-4879-9ECC-46DC37EA0047}.Debug|Any CPU.ActiveCfg = Debug|Any CPU
		{63499B42-5A11-4879-9ECC-46DC37EA0047}.Debug|Any CPU.Build.0 = Debug|Any CPU
		{63499B42-5A11-4879-9ECC-46DC37EA0047}.Release|Any CPU.ActiveCfg = Release|Any CPU
		{63499B42-5A11-4879-9ECC-46DC37EA0047}.Release|Any CPU.Build.0 = Release|Any CPU
		{FF8859A0-CCAD-453D-A96F-FEE0F857E69B}.Debug|Any CPU.ActiveCfg = Debug|Any CPU
		{FF8859A0-CCAD-453D-A96F-FEE0F857E69B}.Debug|Any CPU.Build.0 = Debug|Any CPU
		{FF8859A0-CCAD-453D-A96F-FEE0F857E69B}.Release|Any CPU.ActiveCfg = Release|Any CPU
		{FF8859A0-CCAD-453D-A96F-FEE0F857E69B}.Release|Any CPU.Build.0 = Release|Any CPU
		{B801AE6F-0479-447C-949C-5633899F2EFE}.Debug|Any CPU.ActiveCfg = Debug|Any CPU
		{B801AE6F-0479-447C-949C-5633899F2EFE}.Debug|Any CPU.Build.0 = Debug|Any CPU
		{B801AE6F-0479-447C-949C-5633899F2EFE}.Release|Any CPU.ActiveCfg = Release|Any CPU
		{B801AE6F-0479-447C-949C-5633899F2EFE}.Release|Any CPU.Build.0 = Release|Any CPU
	EndGlobalSection
	GlobalSection(SolutionProperties) = preSolution
		HideSolutionNode = FALSE
	EndGlobalSection
	GlobalSection(ExtensibilityGlobals) = postSolution
		SolutionGuid = {61AD05EC-E7A6-4E1A-8DC4-02560FF49030}
	EndGlobalSection
EndGlobal
